
Microsoft Visual Studio Solution File, Format Version 12.00
Project("{FAE04EC0-301F-11D3-BF4B-00C04F79EFBC}") = "MediaFileProcessor", "MediaFileProcessor\MediaFileProcessor.csproj", "{79F0FC86-435E-4C4F-A8C8-4F060BD5C700}"
EndProject
Project("{FAE04EC0-301F-11D3-BF4B-00C04F79EFBC}") = "ConsoleTest", "ConsoleTest\ConsoleTest.csproj", "{831343A2-AC68-482E-9E7B-E51C4BDEB242}"
EndProject
Project("{FAE04EC0-301F-11D3-BF4B-00C04F79EFBC}") = "AOPInfrastructure", "AOPInfrastructure\AOPInfrastructure.csproj", "{8BB4DADC-4846-4405-9E7A-B75F437561C4}"
EndProject
Global
	GlobalSection(SolutionConfigurationPlatforms) = preSolution
		Debug|Any CPU = Debug|Any CPU
		Release|Any CPU = Release|Any CPU
	EndGlobalSection
	GlobalSection(ProjectConfigurationPlatforms) = postSolution
		{79F0FC86-435E-4C4F-A8C8-4F060BD5C700}.Debug|Any CPU.ActiveCfg = Debug|Any CPU
		{79F0FC86-435E-4C4F-A8C8-4F060BD5C700}.Debug|Any CPU.Build.0 = Debug|Any CPU
		{79F0FC86-435E-4C4F-A8C8-4F060BD5C700}.Release|Any CPU.ActiveCfg = Release|Any CPU
		{79F0FC86-435E-4C4F-A8C8-4F060BD5C700}.Release|Any CPU.Build.0 = Release|Any CPU
		{831343A2-AC68-482E-9E7B-E51C4BDEB242}.Debug|Any CPU.ActiveCfg = Debug|Any CPU
		{831343A2-AC68-482E-9E7B-E51C4BDEB242}.Debug|Any CPU.Build.0 = Debug|Any CPU
		{831343A2-AC68-482E-9E7B-E51C4BDEB242}.Release|Any CPU.ActiveCfg = Release|Any CPU
		{831343A2-AC68-482E-9E7B-E51C4BDEB242}.Release|Any CPU.Build.0 = Release|Any CPU
		{8BB4DADC-4846-4405-9E7A-B75F437561C4}.Debug|Any CPU.ActiveCfg = Debug|Any CPU
		{8BB4DADC-4846-4405-9E7A-B75F437561C4}.Debug|Any CPU.Build.0 = Debug|Any CPU
		{8BB4DADC-4846-4405-9E7A-B75F437561C4}.Release|Any CPU.ActiveCfg = Release|Any CPU
		{8BB4DADC-4846-4405-9E7A-B75F437561C4}.Release|Any CPU.Build.0 = Release|Any CPU
	EndGlobalSection
EndGlobal
